
Microsoft Visual Studio Solution File, Format Version 12.00
Project("{FAE04EC0-301F-11D3-BF4B-00C04F79EFBC}") = "Espace.WebAPI", "Espace.WebAPI\Espace.WebAPI.csproj", "{EFEC43DC-B05B-4A42-B886-27FFCF4A2DAC}"
EndProject
Project("{FAE04EC0-301F-11D3-BF4B-00C04F79EFBC}") = "Espace.Repository", "Espace.Repository\Espace.Repository.csproj", "{427E5CE9-0285-4478-8AD0-AFC128B0FCA0}"
EndProject
Project("{FAE04EC0-301F-11D3-BF4B-00C04F79EFBC}") = "Espace.Service", "Espace.Service\Espace.Service.csproj", "{E528E420-B6F8-4685-8731-A7C14B3AF3B6}"
EndProject
Project("{FAE04EC0-301F-11D3-BF4B-00C04F79EFBC}") = "Espace.Client", "Espace.Client\Espace.Client.csproj", "{64751804-043C-433B-BD38-7695A6F6C56C}"
EndProject
Global
	GlobalSection(SolutionConfigurationPlatforms) = preSolution
		Debug|Any CPU = Debug|Any CPU
		Release|Any CPU = Release|Any CPU
	EndGlobalSection
	GlobalSection(ProjectConfigurationPlatforms) = postSolution
		{EFEC43DC-B05B-4A42-B886-27FFCF4A2DAC}.Debug|Any CPU.ActiveCfg = Debug|Any CPU
		{EFEC43DC-B05B-4A42-B886-27FFCF4A2DAC}.Debug|Any CPU.Build.0 = Debug|Any CPU
		{EFEC43DC-B05B-4A42-B886-27FFCF4A2DAC}.Release|Any CPU.ActiveCfg = Release|Any CPU
		{EFEC43DC-B05B-4A42-B886-27FFCF4A2DAC}.Release|Any CPU.Build.0 = Release|Any CPU
		{427E5CE9-0285-4478-8AD0-AFC128B0FCA0}.Debug|Any CPU.ActiveCfg = Debug|Any CPU
		{427E5CE9-0285-4478-8AD0-AFC128B0FCA0}.Debug|Any CPU.Build.0 = Debug|Any CPU
		{427E5CE9-0285-4478-8AD0-AFC128B0FCA0}.Release|Any CPU.ActiveCfg = Release|Any CPU
		{427E5CE9-0285-4478-8AD0-AFC128B0FCA0}.Release|Any CPU.Build.0 = Release|Any CPU
		{E528E420-B6F8-4685-8731-A7C14B3AF3B6}.Debug|Any CPU.ActiveCfg = Debug|Any CPU
		{E528E420-B6F8-4685-8731-A7C14B3AF3B6}.Debug|Any CPU.Build.0 = Debug|Any CPU
		{E528E420-B6F8-4685-8731-A7C14B3AF3B6}.Release|Any CPU.ActiveCfg = Release|Any CPU
		{E528E420-B6F8-4685-8731-A7C14B3AF3B6}.Release|Any CPU.Build.0 = Release|Any CPU
		{64751804-043C-433B-BD38-7695A6F6C56C}.Debug|Any CPU.ActiveCfg = Debug|Any CPU
		{64751804-043C-433B-BD38-7695A6F6C56C}.Debug|Any CPU.Build.0 = Debug|Any CPU
		{64751804-043C-433B-BD38-7695A6F6C56C}.Release|Any CPU.ActiveCfg = Release|Any CPU
		{64751804-043C-433B-BD38-7695A6F6C56C}.Release|Any CPU.Build.0 = Release|Any CPU
	EndGlobalSection
EndGlobal
